
Microsoft Visual Studio Solution File, Format Version 12.00
# Visual Studio Version 16
VisualStudioVersion = 16.0.29613.14
MinimumVisualStudioVersion = 10.0.40219.1
Project("{FAE04EC0-301F-11D3-BF4B-00C04F79EFBC}") = "Практическая работа №3", "Практическая работа №3\Практическая работа №3.csproj", "{55BCE79C-AF8E-4263-8BC5-BD160C4CB34E}"
EndProject
Project("{FAE04EC0-301F-11D3-BF4B-00C04F79EFBC}") = "LibMas", "LibMas\LibMas.csproj", "{EA0CCA3F-14F3-4E62-A9E0-3A101F36C8BB}"
EndProject
Project("{FAE04EC0-301F-11D3-BF4B-00C04F79EFBC}") = "Lib_10", "Lib_10\Lib_10.csproj", "{5D72CE5B-8224-4D5B-A0A1-5122D7C16C7A}"
EndProject
Global
	GlobalSection(SolutionConfigurationPlatforms) = preSolution
		Debug|Any CPU = Debug|Any CPU
		Release|Any CPU = Release|Any CPU
	EndGlobalSection
	GlobalSection(ProjectConfigurationPlatforms) = postSolution
		{55BCE79C-AF8E-4263-8BC5-BD160C4CB34E}.Debug|Any CPU.ActiveCfg = Debug|Any CPU
		{55BCE79C-AF8E-4263-8BC5-BD160C4CB34E}.Debug|Any CPU.Build.0 = Debug|Any CPU
		{55BCE79C-AF8E-4263-8BC5-BD160C4CB34E}.Release|Any CPU.ActiveCfg = Release|Any CPU
		{55BCE79C-AF8E-4263-8BC5-BD160C4CB34E}.Release|Any CPU.Build.0 = Release|Any CPU
		{EA0CCA3F-14F3-4E62-A9E0-3A101F36C8BB}.Debug|Any CPU.ActiveCfg = Debug|Any CPU
		{EA0CCA3F-14F3-4E62-A9E0-3A101F36C8BB}.Debug|Any CPU.Build.0 = Debug|Any CPU
		{EA0CCA3F-14F3-4E62-A9E0-3A101F36C8BB}.Release|Any CPU.ActiveCfg = Release|Any CPU
		{EA0CCA3F-14F3-4E62-A9E0-3A101F36C8BB}.Release|Any CPU.Build.0 = Release|Any CPU
		{5D72CE5B-8224-4D5B-A0A1-5122D7C16C7A}.Debug|Any CPU.ActiveCfg = Debug|Any CPU
		{5D72CE5B-8224-4D5B-A0A1-5122D7C16C7A}.Debug|Any CPU.Build.0 = Debug|Any CPU
		{5D72CE5B-8224-4D5B-A0A1-5122D7C16C7A}.Release|Any CPU.ActiveCfg = Release|Any CPU
		{5D72CE5B-8224-4D5B-A0A1-5122D7C16C7A}.Release|Any CPU.Build.0 = Release|Any CPU
	EndGlobalSection
	GlobalSection(SolutionProperties) = preSolution
		HideSolutionNode = FALSE
	EndGlobalSection
	GlobalSection(ExtensibilityGlobals) = postSolution
		SolutionGuid = {1EF12C7F-4BF8-486D-B54C-DDC311CA62FA}
	EndGlobalSection
EndGlobal
